
Microsoft Visual Studio Solution File, Format Version 12.00
# Visual Studio Version 17
VisualStudioVersion = 17.10.34916.146
MinimumVisualStudioVersion = 10.0.40219.1
Project("{FAE04EC0-301F-11D3-BF4B-00C04F79EFBC}") = "ModelsClassLibrary", "ModelsClassLibrary\ModelsClassLibrary.csproj", "{75D0A25C-E9FA-407E-8CEF-F31B51BA83AD}"
EndProject
Project("{FAE04EC0-301F-11D3-BF4B-00C04F79EFBC}") = "DataAccesssClassLibrary", "DataAccesssClassLibrary\DataAccesssClassLibrary.csproj", "{D8D8D2B1-9733-4947-94E5-09E189593FE4}"
EndProject
Project("{FAE04EC0-301F-11D3-BF4B-00C04F79EFBC}") = "BusinessLogicClassLibrary", "BuisnessLogicClassLibrary\BusinessLogicClassLibrary.csproj", "{EFAC483C-ADD5-4233-9C7F-8519D043F50E}"
EndProject
Project("{FAE04EC0-301F-11D3-BF4B-00C04F79EFBC}") = "SchedulerUI", "SchedulerUI\SchedulerUI.csproj", "{36BE1F66-B0E1-45DC-920B-9986ECD0FEF2}"
EndProject
Global
	GlobalSection(SolutionConfigurationPlatforms) = preSolution
		Debug|Any CPU = Debug|Any CPU
		Release|Any CPU = Release|Any CPU
	EndGlobalSection
	GlobalSection(ProjectConfigurationPlatforms) = postSolution
		{75D0A25C-E9FA-407E-8CEF-F31B51BA83AD}.Debug|Any CPU.ActiveCfg = Debug|Any CPU
		{75D0A25C-E9FA-407E-8CEF-F31B51BA83AD}.Debug|Any CPU.Build.0 = Debug|Any CPU
		{75D0A25C-E9FA-407E-8CEF-F31B51BA83AD}.Release|Any CPU.ActiveCfg = Release|Any CPU
		{75D0A25C-E9FA-407E-8CEF-F31B51BA83AD}.Release|Any CPU.Build.0 = Release|Any CPU
		{D8D8D2B1-9733-4947-94E5-09E189593FE4}.Debug|Any CPU.ActiveCfg = Debug|Any CPU
		{D8D8D2B1-9733-4947-94E5-09E189593FE4}.Debug|Any CPU.Build.0 = Debug|Any CPU
		{D8D8D2B1-9733-4947-94E5-09E189593FE4}.Release|Any CPU.ActiveCfg = Release|Any CPU
		{D8D8D2B1-9733-4947-94E5-09E189593FE4}.Release|Any CPU.Build.0 = Release|Any CPU
		{EFAC483C-ADD5-4233-9C7F-8519D043F50E}.Debug|Any CPU.ActiveCfg = Debug|Any CPU
		{EFAC483C-ADD5-4233-9C7F-8519D043F50E}.Debug|Any CPU.Build.0 = Debug|Any CPU
		{EFAC483C-ADD5-4233-9C7F-8519D043F50E}.Release|Any CPU.ActiveCfg = Release|Any CPU
		{EFAC483C-ADD5-4233-9C7F-8519D043F50E}.Release|Any CPU.Build.0 = Release|Any CPU
		{36BE1F66-B0E1-45DC-920B-9986ECD0FEF2}.Debug|Any CPU.ActiveCfg = Debug|Any CPU
		{36BE1F66-B0E1-45DC-920B-9986ECD0FEF2}.Debug|Any CPU.Build.0 = Debug|Any CPU
		{36BE1F66-B0E1-45DC-920B-9986ECD0FEF2}.Release|Any CPU.ActiveCfg = Release|Any CPU
		{36BE1F66-B0E1-45DC-920B-9986ECD0FEF2}.Release|Any CPU.Build.0 = Release|Any CPU
	EndGlobalSection
	GlobalSection(SolutionProperties) = preSolution
		HideSolutionNode = FALSE
	EndGlobalSection
	GlobalSection(ExtensibilityGlobals) = postSolution
		SolutionGuid = {41830CCF-56D0-43A3-9D5D-62D7607DA11C}
	EndGlobalSection
EndGlobal
